
Microsoft Visual Studio Solution File, Format Version 12.00
# Visual Studio Version 17
VisualStudioVersion = 17.13.36105.23 d17.13
MinimumVisualStudioVersion = 10.0.40219.1
Project("{FAE04EC0-301F-11D3-BF4B-00C04F79EFBC}") = "headspace", "headspace\headspace.csproj", "{BAC194A1-E615-4CB1-8682-7C901EBF9C01}"
EndProject
Global
	GlobalSection(SolutionConfigurationPlatforms) = preSolution
		Debug|ARM64 = Debug|ARM64
		Debug|x64 = Debug|x64
		Debug|x86 = Debug|x86
		Release|ARM64 = Release|ARM64
		Release|x64 = Release|x64
		Release|x86 = Release|x86
	EndGlobalSection
	GlobalSection(ProjectConfigurationPlatforms) = postSolution
		{BAC194A1-E615-4CB1-8682-7C901EBF9C01}.Debug|ARM64.ActiveCfg = Debug|ARM64
		{BAC194A1-E615-4CB1-8682-7C901EBF9C01}.Debug|ARM64.Build.0 = Debug|ARM64
		{BAC194A1-E615-4CB1-8682-7C901EBF9C01}.Debug|ARM64.Deploy.0 = Debug|ARM64
		{BAC194A1-E615-4CB1-8682-7C901EBF9C01}.Debug|x64.ActiveCfg = Debug|x64
		{BAC194A1-E615-4CB1-8682-7C901EBF9C01}.Debug|x64.Build.0 = Debug|x64
		{BAC194A1-E615-4CB1-8682-7C901EBF9C01}.Debug|x64.Deploy.0 = Debug|x64
		{BAC194A1-E615-4CB1-8682-7C901EBF9C01}.Debug|x86.ActiveCfg = Debug|x86
		{BAC194A1-E615-4CB1-8682-7C901EBF9C01}.Debug|x86.Build.0 = Debug|x86
		{BAC194A1-E615-4CB1-8682-7C901EBF9C01}.Debug|x86.Deploy.0 = Debug|x86
		{BAC194A1-E615-4CB1-8682-7C901EBF9C01}.Release|ARM64.ActiveCfg = Release|ARM64
		{BAC194A1-E615-4CB1-8682-7C901EBF9C01}.Release|ARM64.Build.0 = Release|ARM64
		{BAC194A1-E615-4CB1-8682-7C901EBF9C01}.Release|ARM64.Deploy.0 = Release|ARM64
		{BAC194A1-E615-4CB1-8682-7C901EBF9C01}.Release|x64.ActiveCfg = Release|x64
		{BAC194A1-E615-4CB1-8682-7C901EBF9C01}.Release|x64.Build.0 = Release|x64
		{BAC194A1-E615-4CB1-8682-7C901EBF9C01}.Release|x64.Deploy.0 = Release|x64
		{BAC194A1-E615-4CB1-8682-7C901EBF9C01}.Release|x86.ActiveCfg = Release|x86
		{BAC194A1-E615-4CB1-8682-7C901EBF9C01}.Release|x86.Build.0 = Release|x86
		{BAC194A1-E615-4CB1-8682-7C901EBF9C01}.Release|x86.Deploy.0 = Release|x86
	EndGlobalSection
	GlobalSection(SolutionProperties) = preSolution
		HideSolutionNode = FALSE
	EndGlobalSection
	GlobalSection(ExtensibilityGlobals) = postSolution
		SolutionGuid = {4B7A94AC-5574-4D01-8A41-AD7E48A92C8E}
	EndGlobalSection
EndGlobal
